{
    "_meta": {
        "hash": {
            "sha256": "4d4feca208eadcddbe5344af2c985e356a097851102202de98d61dd5d41a6131"
        },
        "pipfile-spec": 6,
        "requires": {
            "python_full_version": "3.10.6",
            "python_version": "3.10"
        },
        "sources": [
            {
                "name": "pypi",
                "url": "https://pypi.org/simple",
                "verify_ssl": true
            }
        ]
    },
    "default": {
        "py4j": {
            "hashes": [
                "sha256:0b6e5315bb3ada5cf62ac651d107bb2ebc02def3dee9d9548e3baac644ea8dbb",
                "sha256:85defdfd2b2376eb3abf5ca6474b51ab7e0de341c75a02f46dc9b5976f5a5c1b"
            ],
            "version": "==0.10.9.7"
        },
        "pyspark": {
            "hashes": [
                "sha256:72cd66ab8cf61a75854e5a753f75bea35ee075c3a96f9de4e2a66d02ec7fc652"
            ],
            "index": "pypi",
            "version": "==3.4.1"
        }
    },
    "develop": {}
}
